
Microsoft Visual Studio Solution File, Format Version 12.00
# Visual Studio 15
VisualStudioVersion = 15.0.26228.16
MinimumVisualStudioVersion = 10.0.40219.1
Project("{8BC9CEB8-8B4A-11D0-8D11-00A0C91BC942}") = "FirstTask", "FirstTask\FirstTask.vcxproj", "{1AE8737B-804B-498B-AD8C-F7E3485DDBB6}"
EndProject
Project("{8BC9CEB8-8B4A-11D0-8D11-00A0C91BC942}") = "SecondTask", "SecondTask\SecondTask.vcxproj", "{3D892C80-9E31-44D9-BEF1-240984CCD407}"
EndProject
Project("{8BC9CEB8-8B4A-11D0-8D11-00A0C91BC942}") = "ThirdTask", "ThirdTask\ThirdTask.vcxproj", "{25D6EAD5-4ED7-494B-81A1-CAD677733496}"
EndProject
Project("{8BC9CEB8-8B4A-11D0-8D11-00A0C91BC942}") = "FourthTask", "FourthTask\FourthTask.vcxproj", "{AD29F745-B427-441F-AA56-C44E55FD5A4F}"
EndProject
Project("{8BC9CEB8-8B4A-11D0-8D11-00A0C91BC942}") = "10thTask", "10thTask\10thTask.vcxproj", "{71811A9D-AFD4-411F-977F-362BC218B6E6}"
EndProject
Project("{8BC9CEB8-8B4A-11D0-8D11-00A0C91BC942}") = "5thTask", "5thTask\5thTask.vcxproj", "{51450BFF-2B5D-4BFC-877C-256DF58BEA9E}"
EndProject
Project("{8BC9CEB8-8B4A-11D0-8D11-00A0C91BC942}") = "7thTask", "7thTask\7thTask.vcxproj", "{AC688B7D-DF31-47F5-BA27-6A77FF8566F2}"
EndProject
Project("{8BC9CEB8-8B4A-11D0-8D11-00A0C91BC942}") = "8thTask", "8thTask\8thTask.vcxproj", "{C938EE4F-1790-41A4-AFD3-E4E52C7D51F6}"
EndProject
Project("{8BC9CEB8-8B4A-11D0-8D11-00A0C91BC942}") = "9thTask", "9thTask\9thTask.vcxproj", "{F6A9E7B1-BACA-4F70-87BA-3A6886A6742D}"
EndProject
Project("{8BC9CEB8-8B4A-11D0-8D11-00A0C91BC942}") = "6thTask", "6thTask\6thTask.vcxproj", "{D790A6A9-096F-4ECE-B324-07BF7D7AC3B1}"
EndProject
Project("{8BC9CEB8-8B4A-11D0-8D11-00A0C91BC942}") = "11thTask", "11thTask\11thTask.vcxproj", "{16170E45-4BF9-4D82-9A70-D7BC11398A67}"
EndProject
Project("{8BC9CEB8-8B4A-11D0-8D11-00A0C91BC942}") = "13thTask", "13thTask\13thTask.vcxproj", "{F934D214-D54E-4861-83CE-AC27819F9E09}"
EndProject
Global
	GlobalSection(SolutionConfigurationPlatforms) = preSolution
		Debug|x64 = Debug|x64
		Debug|x86 = Debug|x86
		Release|x64 = Release|x64
		Release|x86 = Release|x86
	EndGlobalSection
	GlobalSection(ProjectConfigurationPlatforms) = postSolution
		{1AE8737B-804B-498B-AD8C-F7E3485DDBB6}.Debug|x64.ActiveCfg = Debug|x64
		{1AE8737B-804B-498B-AD8C-F7E3485DDBB6}.Debug|x64.Build.0 = Debug|x64
		{1AE8737B-804B-498B-AD8C-F7E3485DDBB6}.Debug|x86.ActiveCfg = Debug|Win32
		{1AE8737B-804B-498B-AD8C-F7E3485DDBB6}.Debug|x86.Build.0 = Debug|Win32
		{1AE8737B-804B-498B-AD8C-F7E3485DDBB6}.Release|x64.ActiveCfg = Release|x64
		{1AE8737B-804B-498B-AD8C-F7E3485DDBB6}.Release|x64.Build.0 = Release|x64
		{1AE8737B-804B-498B-AD8C-F7E3485DDBB6}.Release|x86.ActiveCfg = Release|Win32
		{1AE8737B-804B-498B-AD8C-F7E3485DDBB6}.Release|x86.Build.0 = Release|Win32
		{3D892C80-9E31-44D9-BEF1-240984CCD407}.Debug|x64.ActiveCfg = Debug|x64
		{3D892C80-9E31-44D9-BEF1-240984CCD407}.Debug|x64.Build.0 = Debug|x64
		{3D892C80-9E31-44D9-BEF1-240984CCD407}.Debug|x86.ActiveCfg = Debug|Win32
		{3D892C80-9E31-44D9-BEF1-240984CCD407}.Debug|x86.Build.0 = Debug|Win32
		{3D892C80-9E31-44D9-BEF1-240984CCD407}.Release|x64.ActiveCfg = Release|x64
		{3D892C80-9E31-44D9-BEF1-240984CCD407}.Release|x64.Build.0 = Release|x64
		{3D892C80-9E31-44D9-BEF1-240984CCD407}.Release|x86.ActiveCfg = Release|Win32
		{3D892C80-9E31-44D9-BEF1-240984CCD407}.Release|x86.Build.0 = Release|Win32
		{25D6EAD5-4ED7-494B-81A1-CAD677733496}.Debug|x64.ActiveCfg = Debug|x64
		{25D6EAD5-4ED7-494B-81A1-CAD677733496}.Debug|x64.Build.0 = Debug|x64
		{25D6EAD5-4ED7-494B-81A1-CAD677733496}.Debug|x86.ActiveCfg = Debug|Win32
		{25D6EAD5-4ED7-494B-81A1-CAD677733496}.Debug|x86.Build.0 = Debug|Win32
		{25D6EAD5-4ED7-494B-81A1-CAD677733496}.Release|x64.ActiveCfg = Release|x64
		{25D6EAD5-4ED7-494B-81A1-CAD677733496}.Release|x64.Build.0 = Release|x64
		{25D6EAD5-4ED7-494B-81A1-CAD677733496}.Release|x86.ActiveCfg = Release|Win32
		{25D6EAD5-4ED7-494B-81A1-CAD677733496}.Release|x86.Build.0 = Release|Win32
		{AD29F745-B427-441F-AA56-C44E55FD5A4F}.Debug|x64.ActiveCfg = Debug|x64
		{AD29F745-B427-441F-AA56-C44E55FD5A4F}.Debug|x64.Build.0 = Debug|x64
		{AD29F745-B427-441F-AA56-C44E55FD5A4F}.Debug|x86.ActiveCfg = Debug|Win32
		{AD29F745-B427-441F-AA56-C44E55FD5A4F}.Debug|x86.Build.0 = Debug|Win32
		{AD29F745-B427-441F-AA56-C44E55FD5A4F}.Release|x64.ActiveCfg = Release|x64
		{AD29F745-B427-441F-AA56-C44E55FD5A4F}.Release|x64.Build.0 = Release|x64
		{AD29F745-B427-441F-AA56-C44E55FD5A4F}.Release|x86.ActiveCfg = Release|Win32
		{AD29F745-B427-441F-AA56-C44E55FD5A4F}.Release|x86.Build.0 = Release|Win32
		{71811A9D-AFD4-411F-977F-362BC218B6E6}.Debug|x64.ActiveCfg = Debug|x64
		{71811A9D-AFD4-411F-977F-362BC218B6E6}.Debug|x64.Build.0 = Debug|x64
		{71811A9D-AFD4-411F-977F-362BC218B6E6}.Debug|x86.ActiveCfg = Debug|Win32
		{71811A9D-AFD4-411F-977F-362BC218B6E6}.Debug|x86.Build.0 = Debug|Win32
		{71811A9D-AFD4-411F-977F-362BC218B6E6}.Release|x64.ActiveCfg = Release|x64
		{71811A9D-AFD4-411F-977F-362BC218B6E6}.Release|x64.Build.0 = Release|x64
		{71811A9D-AFD4-411F-977F-362BC218B6E6}.Release|x86.ActiveCfg = Release|Win32
		{71811A9D-AFD4-411F-977F-362BC218B6E6}.Release|x86.Build.0 = Release|Win32
		{51450BFF-2B5D-4BFC-877C-256DF58BEA9E}.Debug|x64.ActiveCfg = Debug|x64
		{51450BFF-2B5D-4BFC-877C-256DF58BEA9E}.Debug|x64.Build.0 = Debug|x64
		{51450BFF-2B5D-4BFC-877C-256DF58BEA9E}.Debug|x86.ActiveCfg = Debug|Win32
		{51450BFF-2B5D-4BFC-877C-256DF58BEA9E}.Debug|x86.Build.0 = Debug|Win32
		{51450BFF-2B5D-4BFC-877C-256DF58BEA9E}.Release|x64.ActiveCfg = Release|x64
		{51450BFF-2B5D-4BFC-877C-256DF58BEA9E}.Release|x64.Build.0 = Release|x64
		{51450BFF-2B5D-4BFC-877C-256DF58BEA9E}.Release|x86.ActiveCfg = Release|Win32
		{51450BFF-2B5D-4BFC-877C-256DF58BEA9E}.Release|x86.Build.0 = Release|Win32
		{AC688B7D-DF31-47F5-BA27-6A77FF8566F2}.Debug|x64.ActiveCfg = Debug|x64
		{AC688B7D-DF31-47F5-BA27-6A77FF8566F2}.Debug|x64.Build.0 = Debug|x64
		{AC688B7D-DF31-47F5-BA27-6A77FF8566F2}.Debug|x86.ActiveCfg = Debug|Win32
		{AC688B7D-DF31-47F5-BA27-6A77FF8566F2}.Debug|x86.Build.0 = Debug|Win32
		{AC688B7D-DF31-47F5-BA27-6A77FF8566F2}.Release|x64.ActiveCfg = Release|x64
		{AC688B7D-DF31-47F5-BA27-6A77FF8566F2}.Release|x64.Build.0 = Release|x64
		{AC688B7D-DF31-47F5-BA27-6A77FF8566F2}.Release|x86.ActiveCfg = Release|Win32
		{AC688B7D-DF31-47F5-BA27-6A77FF8566F2}.Release|x86.Build.0 = Release|Win32
		{C938EE4F-1790-41A4-AFD3-E4E52C7D51F6}.Debug|x64.ActiveCfg = Debug|x64
		{C938EE4F-1790-41A4-AFD3-E4E52C7D51F6}.Debug|x64.Build.0 = Debug|x64
		{C938EE4F-1790-41A4-AFD3-E4E52C7D51F6}.Debug|x86.ActiveCfg = Debug|Win32
		{C938EE4F-1790-41A4-AFD3-E4E52C7D51F6}.Debug|x86.Build.0 = Debug|Win32
		{C938EE4F-1790-41A4-AFD3-E4E52C7D51F6}.Release|x64.ActiveCfg = Release|x64
		{C938EE4F-1790-41A4-AFD3-E4E52C7D51F6}.Release|x64.Build.0 = Release|x64
		{C938EE4F-1790-41A4-AFD3-E4E52C7D51F6}.Release|x86.ActiveCfg = Release|Win32
		{C938EE4F-1790-41A4-AFD3-E4E52C7D51F6}.Release|x86.Build.0 = Release|Win32
		{F6A9E7B1-BACA-4F70-87BA-3A6886A6742D}.Debug|x64.ActiveCfg = Debug|x64
		{F6A9E7B1-BACA-4F70-87BA-3A6886A6742D}.Debug|x64.Build.0 = Debug|x64
		{F6A9E7B1-BACA-4F70-87BA-3A6886A6742D}.Debug|x86.ActiveCfg = Debug|Win32
		{F6A9E7B1-BACA-4F70-87BA-3A6886A6742D}.Debug|x86.Build.0 = Debug|Win32
		{F6A9E7B1-BACA-4F70-87BA-3A6886A6742D}.Release|x64.ActiveCfg = Release|x64
		{F6A9E7B1-BACA-4F70-87BA-3A6886A6742D}.Release|x64.Build.0 = Release|x64
		{F6A9E7B1-BACA-4F70-87BA-3A6886A6742D}.Release|x86.ActiveCfg = Release|Win32
		{F6A9E7B1-BACA-4F70-87BA-3A6886A6742D}.Release|x86.Build.0 = Release|Win32
		{D790A6A9-096F-4ECE-B324-07BF7D7AC3B1}.Debug|x64.ActiveCfg = Debug|x64
		{D790A6A9-096F-4ECE-B324-07BF7D7AC3B1}.Debug|x64.Build.0 = Debug|x64
		{D790A6A9-096F-4ECE-B324-07BF7D7AC3B1}.Debug|x86.ActiveCfg = Debug|Win32
		{D790A6A9-096F-4ECE-B324-07BF7D7AC3B1}.Debug|x86.Build.0 = Debug|Win32
		{D790A6A9-096F-4ECE-B324-07BF7D7AC3B1}.Release|x64.ActiveCfg = Release|x64
		{D790A6A9-096F-4ECE-B324-07BF7D7AC3B1}.Release|x64.Build.0 = Release|x64
		{D790A6A9-096F-4ECE-B324-07BF7D7AC3B1}.Release|x86.ActiveCfg = Release|Win32
		{D790A6A9-096F-4ECE-B324-07BF7D7AC3B1}.Release|x86.Build.0 = Release|Win32
		{16170E45-4BF9-4D82-9A70-D7BC11398A67}.Debug|x64.ActiveCfg = Debug|x64
		{16170E45-4BF9-4D82-9A70-D7BC11398A67}.Debug|x64.Build.0 = Debug|x64
		{16170E45-4BF9-4D82-9A70-D7BC11398A67}.Debug|x86.ActiveCfg = Debug|Win32
		{16170E45-4BF9-4D82-9A70-D7BC11398A67}.Debug|x86.Build.0 = Debug|Win32
		{16170E45-4BF9-4D82-9A70-D7BC11398A67}.Release|x64.ActiveCfg = Release|x64
		{16170E45-4BF9-4D82-9A70-D7BC11398A67}.Release|x64.Build.0 = Release|x64
		{16170E45-4BF9-4D82-9A70-D7BC11398A67}.Release|x86.ActiveCfg = Release|Win32
		{16170E45-4BF9-4D82-9A70-D7BC11398A67}.Release|x86.Build.0 = Release|Win32
		{F934D214-D54E-4861-83CE-AC27819F9E09}.Debug|x64.ActiveCfg = Debug|x64
		{F934D214-D54E-4861-83CE-AC27819F9E09}.Debug|x64.Build.0 = Debug|x64
		{F934D214-D54E-4861-83CE-AC27819F9E09}.Debug|x86.ActiveCfg = Debug|Win32
		{F934D214-D54E-4861-83CE-AC27819F9E09}.Debug|x86.Build.0 = Debug|Win32
		{F934D214-D54E-4861-83CE-AC27819F9E09}.Release|x64.ActiveCfg = Release|x64
		{F934D214-D54E-4861-83CE-AC27819F9E09}.Release|x64.Build.0 = Release|x64
		{F934D214-D54E-4861-83CE-AC27819F9E09}.Release|x86.ActiveCfg = Release|Win32
		{F934D214-D54E-4861-83CE-AC27819F9E09}.Release|x86.Build.0 = Release|Win32
	EndGlobalSection
	GlobalSection(SolutionProperties) = preSolution
		HideSolutionNode = FALSE
	EndGlobalSection
EndGlobal
